// !$*UTF8*$!
{
	archiveVersion = 1;
	classes = {
	};
	objectVersion = 56;
	objects = {

/* Begin PBXBuildFile section */
		D3527EC32B59725C00A6FB74 /* addTaskSheet.swift in Sources */ = {isa = PBXBuildFile; fileRef = D3527EC22B59725C00A6FB74 /* addTaskSheet.swift */; };
		D3705A1D2B584A4D00335630 /* ExecuteApp.swift in Sources */ = {isa = PBXBuildFile; fileRef = D3705A1C2B584A4D00335630 /* ExecuteApp.swift */; };
		D3705A1F2B584A4D00335630 /* ContentView.swift in Sources */ = {isa = PBXBuildFile; fileRef = D3705A1E2B584A4D00335630 /* ContentView.swift */; };
		D3705A212B584A4F00335630 /* Assets.xcassets in Resources */ = {isa = PBXBuildFile; fileRef = D3705A202B584A4F00335630 /* Assets.xcassets */; };
		D3705A242B584A4F00335630 /* Preview Assets.xcassets in Resources */ = {isa = PBXBuildFile; fileRef = D3705A232B584A4F00335630 /* Preview Assets.xcassets */; };
		D3705A262B584A4F00335630 /* Persistence.swift in Sources */ = {isa = PBXBuildFile; fileRef = D3705A252B584A4F00335630 /* Persistence.swift */; };
		D3705A292B584A4F00335630 /* Execute.xcdatamodeld in Sources */ = {isa = PBXBuildFile; fileRef = D3705A272B584A4F00335630 /* Execute.xcdatamodeld */; };
		D3705A302B58511400335630 /* Taskview.swift in Sources */ = {isa = PBXBuildFile; fileRef = D3705A2F2B58511400335630 /* Taskview.swift */; };
/* End PBXBuildFile section */

/* Begin PBXFileReference section */
		D3527EC22B59725C00A6FB74 /* addTaskSheet.swift */ = {isa = PBXFileReference; lastKnownFileType = sourcecode.swift; path = addTaskSheet.swift; sourceTree = "<group>"; };
		D3705A192B584A4D00335630 /* Execute.app */ = {isa = PBXFileReference; explicitFileType = wrapper.application; includeInIndex = 0; path = Execute.app; sourceTree = BUILT_PRODUCTS_DIR; };
		D3705A1C2B584A4D00335630 /* ExecuteApp.swift */ = {isa = PBXFileReference; lastKnownFileType = sourcecode.swift; path = ExecuteApp.swift; sourceTree = "<group>"; };
		D3705A1E2B584A4D00335630 /* ContentView.swift */ = {isa = PBXFileReference; lastKnownFileType = sourcecode.swift; path = ContentView.swift; sourceTree = "<group>"; };
		D3705A202B584A4F00335630 /* Assets.xcassets */ = {isa = PBXFileReference; lastKnownFileType = folder.assetcatalog; path = Assets.xcassets; sourceTree = "<group>"; };
		D3705A232B584A4F00335630 /* Preview Assets.xcassets */ = {isa = PBXFileReference; lastKnownFileType = folder.assetcatalog; path = "Preview Assets.xcassets"; sourceTree = "<group>"; };
		D3705A252B584A4F00335630 /* Persistence.swift */ = {isa = PBXFileReference; lastKnownFileType = sourcecode.swift; path = Persistence.swift; sourceTree = "<group>"; };
		D3705A282B584A4F00335630 /* Execute.xcdatamodel */ = {isa = PBXFileReference; lastKnownFileType = wrapper.xcdatamodel; path = Execute.xcdatamodel; sourceTree = "<group>"; };
		D3705A2F2B58511400335630 /* Taskview.swift */ = {isa = PBXFileReference; lastKnownFileType = sourcecode.swift; path = Taskview.swift; sourceTree = "<group>"; };
/* End PBXFileReference section */

/* Begin PBXFrameworksBuildPhase section */
		D3705A162B584A4D00335630 /* Frameworks */ = {
			isa = PBXFrameworksBuildPhase;
			buildActionMask = 2147483647;
			files = (
			);
			runOnlyForDeploymentPostprocessing = 0;
		};
/* End PBXFrameworksBuildPhase section */

/* Begin PBXGroup section */
		D3705A102B584A4D00335630 = {
			isa = PBXGroup;
			children = (
				D3705A1B2B584A4D00335630 /* Execute */,
				D3705A1A2B584A4D00335630 /* Products */,
			);
			sourceTree = "<group>";
		};
		D3705A1A2B584A4D00335630 /* Products */ = {
			isa = PBXGroup;
			children = (
				D3705A192B584A4D00335630 /* Execute.app */,
			);
			name = Products;
			sourceTree = "<group>";
		};
		D3705A1B2B584A4D00335630 /* Execute */ = {
			isa = PBXGroup;
			children = (
				D3705A1C2B584A4D00335630 /* ExecuteApp.swift */,
				D3705A1E2B584A4D00335630 /* ContentView.swift */,
				D3705A2F2B58511400335630 /* Taskview.swift */,
				D3527EC22B59725C00A6FB74 /* addTaskSheet.swift */,
				D3705A202B584A4F00335630 /* Assets.xcassets */,
				D3705A252B584A4F00335630 /* Persistence.swift */,
				D3705A272B584A4F00335630 /* Execute.xcdatamodeld */,
				D3705A222B584A4F00335630 /* Preview Content */,
			);
			path = Execute;
			sourceTree = "<group>";
		};
		D3705A222B584A4F00335630 /* Preview Content */ = {
			isa = PBXGroup;
			children = (
				D3705A232B584A4F00335630 /* Preview Assets.xcassets */,
			);
			path = "Preview Content";
			sourceTree = "<group>";
		};
/* End PBXGroup section */

/* Begin PBXNativeTarget section */
		D3705A182B584A4D00335630 /* Execute */ = {
			isa = PBXNativeTarget;
			buildConfigurationList = D3705A2C2B584A4F00335630 /* Build configuration list for PBXNativeTarget "Execute" */;
			buildPhases = (
				D3705A152B584A4D00335630 /* Sources */,
				D3705A162B584A4D00335630 /* Frameworks */,
				D3705A172B584A4D00335630 /* Resources */,
			);
			buildRules = (
			);
			dependencies = (
			);
			name = Execute;
			productName = Execute;
			productReference = D3705A192B584A4D00335630 /* Execute.app */;
			productType = "com.apple.product-type.application";
		};
/* End PBXNativeTarget section */

/* Begin PBXProject section */
		D3705A112B584A4D00335630 /* Project object */ = {
			isa = PBXProject;
			attributes = {
				BuildIndependentTargetsInParallel = 1;
				LastSwiftUpdateCheck = 1520;
				LastUpgradeCheck = 1520;
				TargetAttributes = {
					D3705A182B584A4D00335630 = {
						CreatedOnToolsVersion = 15.2;
					};
				};
			};
			buildConfigurationList = D3705A142B584A4D00335630 /* Build configuration list for PBXProject "Execute" */;
			compatibilityVersion = "Xcode 14.0";
			developmentRegion = en;
			hasScannedForEncodings = 0;
			knownRegions = (
				en,
				Base,
			);
			mainGroup = D3705A102B584A4D00335630;
			productRefGroup = D3705A1A2B584A4D00335630 /* Products */;
			projectDirPath = "";
			projectRoot = "";
			targets = (
				D3705A182B584A4D00335630 /* Execute */,
			);
		};
/* End PBXProject section */

/* Begin PBXResourcesBuildPhase section */
		D3705A172B584A4D00335630 /* Resources */ = {
			isa = PBXResourcesBuildPhase;
			buildActionMask = 2147483647;
			files = (
				D3705A242B584A4F00335630 /* Preview Assets.xcassets in Resources */,
				D3705A212B584A4F00335630 /* Assets.xcassets in Resources */,
			);
			runOnlyForDeploymentPostprocessing = 0;
		};
/* End PBXResourcesBuildPhase section */

/* Begin PBXSourcesBuildPhase section */
		D3705A152B584A4D00335630 /* Sources */ = {
			isa = PBXSourcesBuildPhase;
			buildActionMask = 2147483647;
			files = (
				D3705A262B584A4F00335630 /* Persistence.swift in Sources */,
				D3705A302B58511400335630 /* Taskview.swift in Sources */,
				D3527EC32B59725C00A6FB74 /* addTaskSheet.swift in Sources */,
				D3705A1F2B584A4D00335630 /* ContentView.swift in Sources */,
				D3705A1D2B584A4D00335630 /* ExecuteApp.swift in Sources */,
				D3705A292B584A4F00335630 /* Execute.xcdatamodeld in Sources */,
			);
			runOnlyForDeploymentPostprocessing = 0;
		};
/* End PBXSourcesBuildPhase section */

/* Begin XCBuildConfiguration section */
		D3705A2A2B584A4F00335630 /* Debug */ = {
			isa = XCBuildConfiguration;
			buildSettings = {
				ALWAYS_SEARCH_USER_PATHS = NO;
				ASSETCATALOG_COMPILER_GENERATE_SWIFT_ASSET_SYMBOL_EXTENSIONS = YES;
				CLANG_ANALYZER_NONNULL = YES;
				CLANG_ANALYZER_NUMBER_OBJECT_CONVERSION = YES_AGGRESSIVE;
				CLANG_CXX_LANGUAGE_STANDARD = "gnu++20";
				CLANG_ENABLE_MODULES = YES;
				CLANG_ENABLE_OBJC_ARC = YES;
				CLANG_ENABLE_OBJC_WEAK = YES;
				CLANG_WARN_BLOCK_CAPTURE_AUTORELEASING = YES;
				CLANG_WARN_BOOL_CONVERSION = YES;
				CLANG_WARN_COMMA = YES;
				CLANG_WARN_CONSTANT_CONVERSION = YES;
				CLANG_WARN_DEPRECATED_OBJC_IMPLEMENTATIONS = YES;
				CLANG_WARN_DIRECT_OBJC_ISA_USAGE = YES_ERROR;
				CLANG_WARN_DOCUMENTATION_COMMENTS = YES;
				CLANG_WARN_EMPTY_BODY = YES;
				CLANG_WARN_ENUM_CONVERSION = YES;
				CLANG_WARN_INFINITE_RECURSION = YES;
				CLANG_WARN_INT_CONVERSION = YES;
				CLANG_WARN_NON_LITERAL_NULL_CONVERSION = YES;
				CLANG_WARN_OBJC_IMPLICIT_RETAIN_SELF = YES;
				CLANG_WARN_OBJC_LITERAL_CONVERSION = YES;
				CLANG_WARN_OBJC_ROOT_CLASS = YES_ERROR;
				CLANG_WARN_QUOTED_INCLUDE_IN_FRAMEWORK_HEADER = YES;
				CLANG_WARN_RANGE_LOOP_ANALYSIS = YES;
				CLANG_WARN_STRICT_PROTOTYPES = YES;
				CLANG_WARN_SUSPICIOUS_MOVE = YES;
				CLANG_WARN_UNGUARDED_AVAILABILITY = YES_AGGRESSIVE;
				CLANG_WARN_UNREACHABLE_CODE = YES;
				CLANG_WARN__DUPLICATE_METHOD_MATCH = YES;
				COPY_PHASE_STRIP = NO;
				DEBUG_INFORMATION_FORMAT = dwarf;
				ENABLE_STRICT_OBJC_MSGSEND = YES;
				ENABLE_TESTABILITY = YES;
				ENABLE_USER_SCRIPT_SANDBOXING = YES;
				GCC_C_LANGUAGE_STANDARD = gnu17;
				GCC_DYNAMIC_NO_PIC = NO;
				GCC_NO_COMMON_BLOCKS = YES;
				GCC_OPTIMIZATION_LEVEL = 0;
				GCC_PREPROCESSOR_DEFINITIONS = (
					"DEBUG=1",
					"$(inherited)",
				);
				GCC_WARN_64_TO_32_BIT_CONVERSION = YES;
				GCC_WARN_ABOUT_RETURN_TYPE = YES_ERROR;
				GCC_WARN_UNDECLARED_SELECTOR = YES;
				GCC_WARN_UNINITIALIZED_AUTOS = YES_AGGRESSIVE;
				GCC_WARN_UNUSED_FUNCTION = YES;
				GCC_WARN_UNUSED_VARIABLE = YES;
				IPHONEOS_DEPLOYMENT_TARGET = 17.2;
				LOCALIZATION_PREFERS_STRING_CATALOGS = YES;
				MTL_ENABLE_DEBUG_INFO = INCLUDE_SOURCE;
				MTL_FAST_MATH = YES;
				ONLY_ACTIVE_ARCH = YES;
				SDKROOT = iphoneos;
				SWIFT_ACTIVE_COMPILATION_CONDITIONS = "DEBUG $(inherited)";
				SWIFT_OPTIMIZATION_LEVEL = "-Onone";
			};
			name = Debug;
		};
		D3705A2B2B584A4F00335630 /* Release */ = {
			isa = XCBuildConfiguration;
			buildSettings = {
				ALWAYS_SEARCH_USER_PATHS = NO;
				ASSETCATALOG_COMPILER_GENERATE_SWIFT_ASSET_SYMBOL_EXTENSIONS = YES;
				CLANG_ANALYZER_NONNULL = YES;
				CLANG_ANALYZER_NUMBER_OBJECT_CONVERSION = YES_AGGRESSIVE;
				CLANG_CXX_LANGUAGE_STANDARD = "gnu++20";
				CLANG_ENABLE_MODULES = YES;
				CLANG_ENABLE_OBJC_ARC = YES;
				CLANG_ENABLE_OBJC_WEAK = YES;
				CLANG_WARN_BLOCK_CAPTURE_AUTORELEASING = YES;
				CLANG_WARN_BOOL_CONVERSION = YES;
				CLANG_WARN_COMMA = YES;
				CLANG_WARN_CONSTANT_CONVERSION = YES;
				CLANG_WARN_DEPRECATED_OBJC_IMPLEMENTATIONS = YES;
				CLANG_WARN_DIRECT_OBJC_ISA_USAGE = YES_ERROR;
				CLANG_WARN_DOCUMENTATION_COMMENTS = YES;
				CLANG_WARN_EMPTY_BODY = YES;
				CLANG_WARN_ENUM_CONVERSION = YES;
				CLANG_WARN_INFINITE_RECURSION = YES;
				CLANG_WARN_INT_CONVERSION = YES;
				CLANG_WARN_NON_LITERAL_NULL_CONVERSION = YES;
				CLANG_WARN_OBJC_IMPLICIT_RETAIN_SELF = YES;
				CLANG_WARN_OBJC_LITERAL_CONVERSION = YES;
				CLANG_WARN_OBJC_ROOT_CLASS = YES_ERROR;
				CLANG_WARN_QUOTED_INCLUDE_IN_FRAMEWORK_HEADER = YES;
				CLANG_WARN_RANGE_LOOP_ANALYSIS = YES;
				CLANG_WARN_STRICT_PROTOTYPES = YES;
				CLANG_WARN_SUSPICIOUS_MOVE = YES;
				CLANG_WARN_UNGUARDED_AVAILABILITY = YES_AGGRESSIVE;
				CLANG_WARN_UNREACHABLE_CODE = YES;
				CLANG_WARN__DUPLICATE_METHOD_MATCH = YES;
				COPY_PHASE_STRIP = NO;
				DEBUG_INFORMATION_FORMAT = "dwarf-with-dsym";
				ENABLE_NS_ASSERTIONS = NO;
				ENABLE_STRICT_OBJC_MSGSEND = YES;
				ENABLE_USER_SCRIPT_SANDBOXING = YES;
				GCC_C_LANGUAGE_STANDARD = gnu17;
				GCC_NO_COMMON_BLOCKS = YES;
				GCC_WARN_64_TO_32_BIT_CONVERSION = YES;
				GCC_WARN_ABOUT_RETURN_TYPE = YES_ERROR;
				GCC_WARN_UNDECLARED_SELECTOR = YES;
				GCC_WARN_UNINITIALIZED_AUTOS = YES_AGGRESSIVE;
				GCC_WARN_UNUSED_FUNCTION = YES;
				GCC_WARN_UNUSED_VARIABLE = YES;
				IPHONEOS_DEPLOYMENT_TARGET = 17.2;
				LOCALIZATION_PREFERS_STRING_CATALOGS = YES;
				MTL_ENABLE_DEBUG_INFO = NO;
				MTL_FAST_MATH = YES;
				SDKROOT = iphoneos;
				SWIFT_COMPILATION_MODE = wholemodule;
				VALIDATE_PRODUCT = YES;
			};
			name = Release;
		};
		D3705A2D2B584A4F00335630 /* Debug */ = {
			isa = XCBuildConfiguration;
			buildSettings = {
				ASSETCATALOG_COMPILER_APPICON_NAME = AppIcon;
				ASSETCATALOG_COMPILER_GLOBAL_ACCENT_COLOR_NAME = AccentColor;
				CODE_SIGN_STYLE = Automatic;
				CURRENT_PROJECT_VERSION = 1;
				DEVELOPMENT_ASSET_PATHS = "\"Execute/Preview Content\"";
				DEVELOPMENT_TEAM = 38NJH765N5;
				ENABLE_PREVIEWS = YES;
				GENERATE_INFOPLIST_FILE = YES;
				INFOPLIST_KEY_UIApplicationSceneManifest_Generation = YES;
				INFOPLIST_KEY_UIApplicationSupportsIndirectInputEvents = YES;
				INFOPLIST_KEY_UILaunchScreen_Generation = YES;
				INFOPLIST_KEY_UISupportedInterfaceOrientations_iPad = "UIInterfaceOrientationPortrait UIInterfaceOrientationPortraitUpsideDown UIInterfaceOrientationLandscapeLeft UIInterfaceOrientationLandscapeRight";
				INFOPLIST_KEY_UISupportedInterfaceOrientations_iPhone = "UIInterfaceOrientationPortrait UIInterfaceOrientationLandscapeLeft UIInterfaceOrientationLandscapeRight";
				LD_RUNPATH_SEARCH_PATHS = (
					"$(inherited)",
					"@executable_path/Frameworks",
				);
				MARKETING_VERSION = 1.0;
				PRODUCT_BUNDLE_IDENTIFIER = SwayamRustagi.Execute;
				PRODUCT_NAME = "$(TARGET_NAME)";
				SWIFT_EMIT_LOC_STRINGS = YES;
				SWIFT_VERSION = 5.0;
				TARGETED_DEVICE_FAMILY = "1,2";
			};
			name = Debug;
		};
		D3705A2E2B584A4F00335630 /* Release */ = {
			isa = XCBuildConfiguration;
			buildSettings = {
				ASSETCATALOG_COMPILER_APPICON_NAME = AppIcon;
				ASSETCATALOG_COMPILER_GLOBAL_ACCENT_COLOR_NAME = AccentColor;
				CODE_SIGN_STYLE = Automatic;
				CURRENT_PROJECT_VERSION = 1;
				DEVELOPMENT_ASSET_PATHS = "\"Execute/Preview Content\"";
				DEVELOPMENT_TEAM = 38NJH765N5;
				ENABLE_PREVIEWS = YES;
				GENERATE_INFOPLIST_FILE = YES;
				INFOPLIST_KEY_UIApplicationSceneManifest_Generation = YES;
				INFOPLIST_KEY_UIApplicationSupportsIndirectInputEvents = YES;
				INFOPLIST_KEY_UILaunchScreen_Generation = YES;
				INFOPLIST_KEY_UISupportedInterfaceOrientations_iPad = "UIInterfaceOrientationPortrait UIInterfaceOrientationPortraitUpsideDown UIInterfaceOrientationLandscapeLeft UIInterfaceOrientationLandscapeRight";
				INFOPLIST_KEY_UISupportedInterfaceOrientations_iPhone = "UIInterfaceOrientationPortrait UIInterfaceOrientationLandscapeLeft UIInterfaceOrientationLandscapeRight";
				LD_RUNPATH_SEARCH_PATHS = (
					"$(inherited)",
					"@executable_path/Frameworks",
				);
				MARKETING_VERSION = 1.0;
				PRODUCT_BUNDLE_IDENTIFIER = SwayamRustagi.Execute;
				PRODUCT_NAME = "$(TARGET_NAME)";
				SWIFT_EMIT_LOC_STRINGS = YES;
				SWIFT_VERSION = 5.0;
				TARGETED_DEVICE_FAMILY = "1,2";
			};
			name = Release;
		};
/* End XCBuildConfiguration section */

/* Begin XCConfigurationList section */
		D3705A142B584A4D00335630 /* Build configuration list for PBXProject "Execute" */ = {
			isa = XCConfigurationList;
			buildConfigurations = (
				D3705A2A2B584A4F00335630 /* Debug */,
				D3705A2B2B584A4F00335630 /* Release */,
			);
			defaultConfigurationIsVisible = 0;
			defaultConfigurationName = Release;
		};
		D3705A2C2B584A4F00335630 /* Build configuration list for PBXNativeTarget "Execute" */ = {
			isa = XCConfigurationList;
			buildConfigurations = (
				D3705A2D2B584A4F00335630 /* Debug */,
				D3705A2E2B584A4F00335630 /* Release */,
			);
			defaultConfigurationIsVisible = 0;
			defaultConfigurationName = Release;
		};
/* End XCConfigurationList section */

/* Begin XCVersionGroup section */
		D3705A272B584A4F00335630 /* Execute.xcdatamodeld */ = {
			isa = XCVersionGroup;
			children = (
				D3705A282B584A4F00335630 /* Execute.xcdatamodel */,
			);
			currentVersion = D3705A282B584A4F00335630 /* Execute.xcdatamodel */;
			path = Execute.xcdatamodeld;
			sourceTree = "<group>";
			versionGroupType = wrapper.xcdatamodel;
		};
/* End XCVersionGroup section */
	};
	rootObject = D3705A112B584A4D00335630 /* Project object */;
}
